
Microsoft Visual Studio Solution File, Format Version 12.00
# Visual Studio Version 17
VisualStudioVersion = 17.14.36414.22
MinimumVisualStudioVersion = 10.0.40219.1
Project("{FAE04EC0-301F-11D3-BF4B-00C04F79EFBC}") = "Web.API", "Web.API\Web.API.csproj", "{81B8AF01-3BA1-46B0-8A74-71BA13810D76}"
EndProject
Project("{FAE04EC0-301F-11D3-BF4B-00C04F79EFBC}") = "Entities", "Entities\Entities.csproj", "{2960D562-D481-4370-8421-D3641F68B497}"
EndProject
Global
	GlobalSection(SolutionConfigurationPlatforms) = preSolution
		Debug|Any CPU = Debug|Any CPU
		Release|Any CPU = Release|Any CPU
	EndGlobalSection
	GlobalSection(ProjectConfigurationPlatforms) = postSolution
		{81B8AF01-3BA1-46B0-8A74-71BA13810D76}.Debug|Any CPU.ActiveCfg = Debug|Any CPU
		{81B8AF01-3BA1-46B0-8A74-71BA13810D76}.Debug|Any CPU.Build.0 = Debug|Any CPU
		{81B8AF01-3BA1-46B0-8A74-71BA13810D76}.Release|Any CPU.ActiveCfg = Release|Any CPU
		{81B8AF01-3BA1-46B0-8A74-71BA13810D76}.Release|Any CPU.Build.0 = Release|Any CPU
		{2960D562-D481-4370-8421-D3641F68B497}.Debug|Any CPU.ActiveCfg = Debug|Any CPU
		{2960D562-D481-4370-8421-D3641F68B497}.Debug|Any CPU.Build.0 = Debug|Any CPU
		{2960D562-D481-4370-8421-D3641F68B497}.Release|Any CPU.ActiveCfg = Release|Any CPU
		{2960D562-D481-4370-8421-D3641F68B497}.Release|Any CPU.Build.0 = Release|Any CPU
	EndGlobalSection
	GlobalSection(SolutionProperties) = preSolution
		HideSolutionNode = FALSE
	EndGlobalSection
	GlobalSection(ExtensibilityGlobals) = postSolution
		SolutionGuid = {B846A852-A213-4629-AB1D-A55577042632}
	EndGlobalSection
EndGlobal
